
Microsoft Visual Studio Solution File, Format Version 12.00
# Visual Studio Version 16
VisualStudioVersion = 16.0.31105.61
MinimumVisualStudioVersion = 10.0.40219.1
Project("{8BC9CEB8-8B4A-11D0-8D11-00A0C91BC942}") = "RaspberrySilentMonitorDevice", "RaspberrySilentMonitorDevice\RaspberrySilentMonitorDevice.vcxproj", "{EFF7BB7E-27C4-4C98-A2C9-AB0E300A5CAA}"
EndProject
Global
	GlobalSection(SolutionConfigurationPlatforms) = preSolution
		Debug|Any CPU = Debug|Any CPU
		Debug|ARM = Debug|ARM
		Debug|ARM64 = Debug|ARM64
		Debug|x64 = Debug|x64
		Debug|x86 = Debug|x86
		Release|Any CPU = Release|Any CPU
		Release|ARM = Release|ARM
		Release|ARM64 = Release|ARM64
		Release|x64 = Release|x64
		Release|x86 = Release|x86
	EndGlobalSection
	GlobalSection(ProjectConfigurationPlatforms) = postSolution
		{EFF7BB7E-27C4-4C98-A2C9-AB0E300A5CAA}.Debug|Any CPU.ActiveCfg = Debug|ARM
		{EFF7BB7E-27C4-4C98-A2C9-AB0E300A5CAA}.Debug|ARM.ActiveCfg = Debug|ARM
		{EFF7BB7E-27C4-4C98-A2C9-AB0E300A5CAA}.Debug|ARM.Build.0 = Debug|ARM
		{EFF7BB7E-27C4-4C98-A2C9-AB0E300A5CAA}.Debug|ARM.Deploy.0 = Debug|ARM
		{EFF7BB7E-27C4-4C98-A2C9-AB0E300A5CAA}.Debug|ARM64.ActiveCfg = Debug|ARM64
		{EFF7BB7E-27C4-4C98-A2C9-AB0E300A5CAA}.Debug|ARM64.Build.0 = Debug|ARM64
		{EFF7BB7E-27C4-4C98-A2C9-AB0E300A5CAA}.Debug|ARM64.Deploy.0 = Debug|ARM64
		{EFF7BB7E-27C4-4C98-A2C9-AB0E300A5CAA}.Debug|x64.ActiveCfg = Debug|ARM
		{EFF7BB7E-27C4-4C98-A2C9-AB0E300A5CAA}.Debug|x86.ActiveCfg = Debug|ARM
		{EFF7BB7E-27C4-4C98-A2C9-AB0E300A5CAA}.Release|Any CPU.ActiveCfg = Release|ARM
		{EFF7BB7E-27C4-4C98-A2C9-AB0E300A5CAA}.Release|ARM.ActiveCfg = Release|ARM
		{EFF7BB7E-27C4-4C98-A2C9-AB0E300A5CAA}.Release|ARM.Build.0 = Release|ARM
		{EFF7BB7E-27C4-4C98-A2C9-AB0E300A5CAA}.Release|ARM.Deploy.0 = Release|ARM
		{EFF7BB7E-27C4-4C98-A2C9-AB0E300A5CAA}.Release|ARM64.ActiveCfg = Release|ARM64
		{EFF7BB7E-27C4-4C98-A2C9-AB0E300A5CAA}.Release|ARM64.Build.0 = Release|ARM64
		{EFF7BB7E-27C4-4C98-A2C9-AB0E300A5CAA}.Release|ARM64.Deploy.0 = Release|ARM64
		{EFF7BB7E-27C4-4C98-A2C9-AB0E300A5CAA}.Release|x64.ActiveCfg = Release|ARM
		{EFF7BB7E-27C4-4C98-A2C9-AB0E300A5CAA}.Release|x86.ActiveCfg = Release|ARM
	EndGlobalSection
	GlobalSection(SolutionProperties) = preSolution
		HideSolutionNode = FALSE
	EndGlobalSection
	GlobalSection(ExtensibilityGlobals) = postSolution
		SolutionGuid = {F5AC88A8-5311-4D86-838A-FAF91D48D2AF}
	EndGlobalSection
EndGlobal
