
Microsoft Visual Studio Solution File, Format Version 12.00
# Visual Studio Version 16
VisualStudioVersion = 16.0.30711.63
MinimumVisualStudioVersion = 10.0.40219.1
Project("{FAE04EC0-301F-11D3-BF4B-00C04F79EFBC}") = "UWPApp", "UWPApp\UWPApp.csproj", "{2CF2C85B-BAD4-4D88-8A01-8423FC24DF7D}"
EndProject
Global
	GlobalSection(SolutionConfigurationPlatforms) = preSolution
		Debug|ARM = Debug|ARM
		Debug|ARM64 = Debug|ARM64
		Debug|x64 = Debug|x64
		Debug|x86 = Debug|x86
		Release|ARM = Release|ARM
		Release|ARM64 = Release|ARM64
		Release|x64 = Release|x64
		Release|x86 = Release|x86
	EndGlobalSection
	GlobalSection(ProjectConfigurationPlatforms) = postSolution
		{2CF2C85B-BAD4-4D88-8A01-8423FC24DF7D}.Debug|ARM.ActiveCfg = Debug|ARM
		{2CF2C85B-BAD4-4D88-8A01-8423FC24DF7D}.Debug|ARM.Build.0 = Debug|ARM
		{2CF2C85B-BAD4-4D88-8A01-8423FC24DF7D}.Debug|ARM.Deploy.0 = Debug|ARM
		{2CF2C85B-BAD4-4D88-8A01-8423FC24DF7D}.Debug|ARM64.ActiveCfg = Debug|ARM64
		{2CF2C85B-BAD4-4D88-8A01-8423FC24DF7D}.Debug|ARM64.Build.0 = Debug|ARM64
		{2CF2C85B-BAD4-4D88-8A01-8423FC24DF7D}.Debug|ARM64.Deploy.0 = Debug|ARM64
		{2CF2C85B-BAD4-4D88-8A01-8423FC24DF7D}.Debug|x64.ActiveCfg = Debug|x64
		{2CF2C85B-BAD4-4D88-8A01-8423FC24DF7D}.Debug|x64.Build.0 = Debug|x64
		{2CF2C85B-BAD4-4D88-8A01-8423FC24DF7D}.Debug|x64.Deploy.0 = Debug|x64
		{2CF2C85B-BAD4-4D88-8A01-8423FC24DF7D}.Debug|x86.ActiveCfg = Debug|x86
		{2CF2C85B-BAD4-4D88-8A01-8423FC24DF7D}.Debug|x86.Build.0 = Debug|x86
		{2CF2C85B-BAD4-4D88-8A01-8423FC24DF7D}.Debug|x86.Deploy.0 = Debug|x86
		{2CF2C85B-BAD4-4D88-8A01-8423FC24DF7D}.Release|ARM.ActiveCfg = Release|ARM
		{2CF2C85B-BAD4-4D88-8A01-8423FC24DF7D}.Release|ARM.Build.0 = Release|ARM
		{2CF2C85B-BAD4-4D88-8A01-8423FC24DF7D}.Release|ARM.Deploy.0 = Release|ARM
		{2CF2C85B-BAD4-4D88-8A01-8423FC24DF7D}.Release|ARM64.ActiveCfg = Release|ARM64
		{2CF2C85B-BAD4-4D88-8A01-8423FC24DF7D}.Release|ARM64.Build.0 = Release|ARM64
		{2CF2C85B-BAD4-4D88-8A01-8423FC24DF7D}.Release|ARM64.Deploy.0 = Release|ARM64
		{2CF2C85B-BAD4-4D88-8A01-8423FC24DF7D}.Release|x64.ActiveCfg = Release|x64
		{2CF2C85B-BAD4-4D88-8A01-8423FC24DF7D}.Release|x64.Build.0 = Release|x64
		{2CF2C85B-BAD4-4D88-8A01-8423FC24DF7D}.Release|x64.Deploy.0 = Release|x64
		{2CF2C85B-BAD4-4D88-8A01-8423FC24DF7D}.Release|x86.ActiveCfg = Release|x86
		{2CF2C85B-BAD4-4D88-8A01-8423FC24DF7D}.Release|x86.Build.0 = Release|x86
		{2CF2C85B-BAD4-4D88-8A01-8423FC24DF7D}.Release|x86.Deploy.0 = Release|x86
	EndGlobalSection
	GlobalSection(SolutionProperties) = preSolution
		HideSolutionNode = FALSE
	EndGlobalSection
	GlobalSection(ExtensibilityGlobals) = postSolution
		SolutionGuid = {25DD3255-2FE6-4684-9BA7-1AF3C5FADFEE}
	EndGlobalSection
EndGlobal
