<?xml version="1.0" encoding="utf-8"?>
<Project ToolsVersion="4.0" xmlns="http://schemas.microsoft.com/developer/msbuild/2003">
  <ItemGroup>
    <ClCompile Include="BluetoothServer.cpp" />
    <ClCompile Include="Logger.cpp" />
    <ClCompile Include="main.cpp" />
    <ClCompile Include="GetStateCommand.cpp">
      <Filter>Commands</Filter>
    </ClCompile>
    <ClCompile Include="StateCommandBase.cpp">
      <Filter>Commands</Filter>
    </ClCompile>
    <ClCompile Include="SilentMonitorCommunicator.cpp" />
    <ClCompile Include="ConfigCommand.cpp">
      <Filter>Commands</Filter>
    </ClCompile>
    <ClCompile Include="ConfigurationManager.cpp" />
    <ClCompile Include="WIFIServer.cpp" />
    <ClCompile Include="GlobalComponentState.cpp" />
    <ClCompile Include="IRunable.cpp" />
  </ItemGroup>
  <ItemGroup>
    <ClInclude Include="BlockingQueue.h" />
    <ClInclude Include="BluetoothServer.h" />
    <ClInclude Include="Logger.h" />
    <ClInclude Include="GetStateCommand.h">
      <Filter>Commands</Filter>
    </ClInclude>
    <ClInclude Include="StateCommandBase.h">
      <Filter>Commands</Filter>
    </ClInclude>
    <ClInclude Include="SilentMonitorCommunicator.h" />
    <ClInclude Include="ConfigCommand.h">
      <Filter>Commands</Filter>
    </ClInclude>
    <ClInclude Include="ConfigurationManager.h" />
    <ClInclude Include="quentem\ALE.hpp">
      <Filter>Quentem</Filter>
    </ClInclude>
    <ClInclude Include="quentem\Array.hpp">
      <Filter>Quentem</Filter>
    </ClInclude>
    <ClInclude Include="quentem\Common.hpp">
      <Filter>Quentem</Filter>
    </ClInclude>
    <ClInclude Include="quentem\Digit.hpp">
      <Filter>Quentem</Filter>
    </ClInclude>
    <ClInclude Include="quentem\Engine.hpp">
      <Filter>Quentem</Filter>
    </ClInclude>
    <ClInclude Include="quentem\HArray.hpp">
      <Filter>Quentem</Filter>
    </ClInclude>
    <ClInclude Include="quentem\JSON.hpp">
      <Filter>Quentem</Filter>
    </ClInclude>
    <ClInclude Include="quentem\JSONUtils.hpp">
      <Filter>Quentem</Filter>
    </ClInclude>
    <ClInclude Include="quentem\Memory.hpp">
      <Filter>Quentem</Filter>
    </ClInclude>
    <ClInclude Include="quentem\Platform.hpp">
      <Filter>Quentem</Filter>
    </ClInclude>
    <ClInclude Include="quentem\QPointer.hpp">
      <Filter>Quentem</Filter>
    </ClInclude>
    <ClInclude Include="quentem\String.hpp">
      <Filter>Quentem</Filter>
    </ClInclude>
    <ClInclude Include="quentem\StringStream.hpp">
      <Filter>Quentem</Filter>
    </ClInclude>
    <ClInclude Include="quentem\StringUtils.hpp">
      <Filter>Quentem</Filter>
    </ClInclude>
    <ClInclude Include="quentem\Template.hpp">
      <Filter>Quentem</Filter>
    </ClInclude>
    <ClInclude Include="quentem\Unicode.hpp">
      <Filter>Quentem</Filter>
    </ClInclude>
    <ClInclude Include="quentem\Value.hpp">
      <Filter>Quentem</Filter>
    </ClInclude>
    <ClInclude Include="WIFIServer.h" />
    <ClInclude Include="GlobalComponentState.h" />
    <ClInclude Include="IRunable.h" />
  </ItemGroup>
  <ItemGroup>
    <Text Include="bluetooth_init.sh" />
  </ItemGroup>
  <ItemGroup>
    <Filter Include="Commands">
      <UniqueIdentifier>{d405ca70-db06-40d3-a60f-2f96cd46dc9d}</UniqueIdentifier>
    </Filter>
    <Filter Include="Quentem">
      <UniqueIdentifier>{696b5017-2f5c-4957-b4c4-b8c3b262f137}</UniqueIdentifier>
    </Filter>
  </ItemGroup>
</Project>